
Microsoft Visual Studio Solution File, Format Version 11.00
# Visual Studio 2010
Project("{F184B08F-C81C-45F6-A57F-5ABD9991F28F}") = "ItemOrganizer", "ItemOrganizer\ItemOrganizer.vbproj", "{ACD74F9E-E759-46E5-9485-D9B23BAC0BFE}"
EndProject
Global
	GlobalSection(SolutionConfigurationPlatforms) = preSolution
		Debug|x86 = Debug|x86
		Release|x86 = Release|x86
	EndGlobalSection
	GlobalSection(ProjectConfigurationPlatforms) = postSolution
		{ACD74F9E-E759-46E5-9485-D9B23BAC0BFE}.Debug|x86.ActiveCfg = Debug|x86
		{ACD74F9E-E759-46E5-9485-D9B23BAC0BFE}.Debug|x86.Build.0 = Debug|x86
		{ACD74F9E-E759-46E5-9485-D9B23BAC0BFE}.Release|x86.ActiveCfg = Release|x86
		{ACD74F9E-E759-46E5-9485-D9B23BAC0BFE}.Release|x86.Build.0 = Release|x86
	EndGlobalSection
	GlobalSection(SolutionProperties) = preSolution
		HideSolutionNode = FALSE
	EndGlobalSection
EndGlobal
